
Microsoft Visual Studio Solution File, Format Version 12.00
# Visual Studio Version 17
VisualStudioVersion = 17.5.33627.172
MinimumVisualStudioVersion = 10.0.40219.1
Project("{FAE04EC0-301F-11D3-BF4B-00C04F79EFBC}") = "ASM", "ASM\ASM.csproj", "{8ED85CAA-7384-449A-B7EA-DC74B4437C7B}"
EndProject
Global
	GlobalSection(SolutionConfigurationPlatforms) = preSolution
		Debug|Any CPU = Debug|Any CPU
		Release|Any CPU = Release|Any CPU
	EndGlobalSection
	GlobalSection(ProjectConfigurationPlatforms) = postSolution
		{8ED85CAA-7384-449A-B7EA-DC74B4437C7B}.Debug|Any CPU.ActiveCfg = Debug|Any CPU
		{8ED85CAA-7384-449A-B7EA-DC74B4437C7B}.Debug|Any CPU.Build.0 = Debug|Any CPU
		{8ED85CAA-7384-449A-B7EA-DC74B4437C7B}.Release|Any CPU.ActiveCfg = Release|Any CPU
		{8ED85CAA-7384-449A-B7EA-DC74B4437C7B}.Release|Any CPU.Build.0 = Release|Any CPU
	EndGlobalSection
	GlobalSection(SolutionProperties) = preSolution
		HideSolutionNode = FALSE
	EndGlobalSection
	GlobalSection(ExtensibilityGlobals) = postSolution
		SolutionGuid = {BC36688D-0A07-4097-B73B-170C129D266F}
	EndGlobalSection
EndGlobal
